<?xml version="1.0" encoding="utf-8"?>
<Project ToolsVersion="4.0" xmlns="http://schemas.microsoft.com/developer/msbuild/2003">
  <ItemGroup>
    <ClCompile Include="$(SolutionDir)\..\test\core\surface\fork_test.c">
      <Filter>test\core\surface</Filter>
    </ClCompile>
  </ItemGroup>

  <ItemGroup>
    <Filter Include="test">
      <UniqueIdentifier>{17886bfe-747c-354f-a0fc-45babc7fa0fd}</UniqueIdentifier>
    </Filter>
    <Filter Include="test\core">
      <UniqueIdentifier>{1eadf9e5-5f54-dbc4-171a-d2ea07e42bfb}</UniqueIdentifier>
    </Filter>
    <Filter Include="test\core\surface">
      <UniqueIdentifier>{fff78532-e87d-90bc-9819-d68d752cd24f}</UniqueIdentifier>
    </Filter>
  </ItemGroup>
</Project>

